// !$*UTF8*$!
{
	archiveVersion = 1;
	classes = {
	};
	objectVersion = 50;
	objects = {

/* Begin PBXBuildFile section */
		52E7BE5E2177F54E00AE0B6B /* AppDelegate.swift in Sources */ = {isa = PBXBuildFile; fileRef = 52E7BE5D2177F54E00AE0B6B /* AppDelegate.swift */; };
		52E7BE602177F54E00AE0B6B /* ViewController.swift in Sources */ = {isa = PBXBuildFile; fileRef = 52E7BE5F2177F54E00AE0B6B /* ViewController.swift */; };
		52E7BE632177F54E00AE0B6B /* Main.storyboard in Resources */ = {isa = PBXBuildFile; fileRef = 52E7BE612177F54E00AE0B6B /* Main.storyboard */; };
		52E7BE652177F54F00AE0B6B /* Assets.xcassets in Resources */ = {isa = PBXBuildFile; fileRef = 52E7BE642177F54F00AE0B6B /* Assets.xcassets */; };
		52E7BE682177F54F00AE0B6B /* LaunchScreen.storyboard in Resources */ = {isa = PBXBuildFile; fileRef = 52E7BE662177F54F00AE0B6B /* LaunchScreen.storyboard */; };
		52E9798421812A6A00573D48 /* SpotifyiOS.framework in Frameworks */ = {isa = PBXBuildFile; fileRef = 52E9798321812A6900573D48 /* SpotifyiOS.framework */; };
		9C80D61921953CAF00760D42 /* QueueTableViewController.swift in Sources */ = {isa = PBXBuildFile; fileRef = 9C80D61821953CAF00760D42 /* QueueTableViewController.swift */; };
		9C80D61B21953CF400760D42 /* SongInfoViewController.swift in Sources */ = {isa = PBXBuildFile; fileRef = 9C80D61A21953CF400760D42 /* SongInfoViewController.swift */; };
		9C80D61D21953D7100760D42 /* AddSongViewController.swift in Sources */ = {isa = PBXBuildFile; fileRef = 9C80D61C21953D7100760D42 /* AddSongViewController.swift */; };
		9C80D61F21953E3800760D42 /* CurrentSongViewController.swift in Sources */ = {isa = PBXBuildFile; fileRef = 9C80D61E21953E3800760D42 /* CurrentSongViewController.swift */; };
/* End PBXBuildFile section */

/* Begin PBXFileReference section */
		52E7BE5A2177F54E00AE0B6B /* juke.app */ = {isa = PBXFileReference; explicitFileType = wrapper.application; includeInIndex = 0; path = juke.app; sourceTree = BUILT_PRODUCTS_DIR; };
		52E7BE5D2177F54E00AE0B6B /* AppDelegate.swift */ = {isa = PBXFileReference; lastKnownFileType = sourcecode.swift; path = AppDelegate.swift; sourceTree = "<group>"; };
		52E7BE5F2177F54E00AE0B6B /* ViewController.swift */ = {isa = PBXFileReference; lastKnownFileType = sourcecode.swift; path = ViewController.swift; sourceTree = "<group>"; };
		52E7BE622177F54E00AE0B6B /* Base */ = {isa = PBXFileReference; lastKnownFileType = file.storyboard; name = Base; path = Base.lproj/Main.storyboard; sourceTree = "<group>"; };
		52E7BE642177F54F00AE0B6B /* Assets.xcassets */ = {isa = PBXFileReference; lastKnownFileType = folder.assetcatalog; path = Assets.xcassets; sourceTree = "<group>"; };
		52E7BE672177F54F00AE0B6B /* Base */ = {isa = PBXFileReference; lastKnownFileType = file.storyboard; name = Base; path = Base.lproj/LaunchScreen.storyboard; sourceTree = "<group>"; };
		52E7BE692177F54F00AE0B6B /* Info.plist */ = {isa = PBXFileReference; lastKnownFileType = text.plist.xml; path = Info.plist; sourceTree = "<group>"; };
		52E9798321812A6900573D48 /* SpotifyiOS.framework */ = {isa = PBXFileReference; lastKnownFileType = wrapper.framework; path = SpotifyiOS.framework; sourceTree = "<group>"; };
		52E979BD21812D8D00573D48 /* SPTLoginSampleAppSwift-Bridging-Header.h */ = {isa = PBXFileReference; lastKnownFileType = sourcecode.c.h; path = "SPTLoginSampleAppSwift-Bridging-Header.h"; sourceTree = "<group>"; };
		9C80D61821953CAF00760D42 /* QueueTableViewController.swift */ = {isa = PBXFileReference; lastKnownFileType = sourcecode.swift; path = QueueTableViewController.swift; sourceTree = "<group>"; };
		9C80D61A21953CF400760D42 /* SongInfoViewController.swift */ = {isa = PBXFileReference; lastKnownFileType = sourcecode.swift; path = SongInfoViewController.swift; sourceTree = "<group>"; };
		9C80D61C21953D7100760D42 /* AddSongViewController.swift */ = {isa = PBXFileReference; lastKnownFileType = sourcecode.swift; path = AddSongViewController.swift; sourceTree = "<group>"; };
		9C80D61E21953E3800760D42 /* CurrentSongViewController.swift */ = {isa = PBXFileReference; lastKnownFileType = sourcecode.swift; path = CurrentSongViewController.swift; sourceTree = "<group>"; };
/* End PBXFileReference section */

/* Begin PBXFrameworksBuildPhase section */
		52E7BE572177F54E00AE0B6B /* Frameworks */ = {
			isa = PBXFrameworksBuildPhase;
			buildActionMask = 2147483647;
			files = (
				52E9798421812A6A00573D48 /* SpotifyiOS.framework in Frameworks */,
			);
			runOnlyForDeploymentPostprocessing = 0;
		};
/* End PBXFrameworksBuildPhase section */

/* Begin PBXGroup section */
		52E7BE512177F54E00AE0B6B = {
			isa = PBXGroup;
			children = (
				52E7BE5C2177F54E00AE0B6B /* juke */,
				52E7BE5B2177F54E00AE0B6B /* Products */,
				52E9798321812A6900573D48 /* SpotifyiOS.framework */,
			);
			sourceTree = "<group>";
		};
		52E7BE5B2177F54E00AE0B6B /* Products */ = {
			isa = PBXGroup;
			children = (
				52E7BE5A2177F54E00AE0B6B /* juke.app */,
			);
			name = Products;
			sourceTree = "<group>";
		};
		52E7BE5C2177F54E00AE0B6B /* juke */ = {
			isa = PBXGroup;
			children = (
				52E979BD21812D8D00573D48 /* SPTLoginSampleAppSwift-Bridging-Header.h */,
				52E7BE5D2177F54E00AE0B6B /* AppDelegate.swift */,
				52E7BE612177F54E00AE0B6B /* Main.storyboard */,
				9C80D61E21953E3800760D42 /* CurrentSongViewController.swift */,
				52E7BE5F2177F54E00AE0B6B /* ViewController.swift */,
				9C80D61C21953D7100760D42 /* AddSongViewController.swift */,
				9C80D61A21953CF400760D42 /* SongInfoViewController.swift */,
				9C80D61821953CAF00760D42 /* QueueTableViewController.swift */,
				52E7BE642177F54F00AE0B6B /* Assets.xcassets */,
				52E7BE662177F54F00AE0B6B /* LaunchScreen.storyboard */,
				52E7BE692177F54F00AE0B6B /* Info.plist */,
			);
			path = juke;
			sourceTree = "<group>";
		};
/* End PBXGroup section */

/* Begin PBXNativeTarget section */
		52E7BE592177F54E00AE0B6B /* juke */ = {
			isa = PBXNativeTarget;
			buildConfigurationList = 52E7BE6C2177F54F00AE0B6B /* Build configuration list for PBXNativeTarget "juke" */;
			buildPhases = (
				52E7BE562177F54E00AE0B6B /* Sources */,
				52E7BE572177F54E00AE0B6B /* Frameworks */,
				52E7BE582177F54E00AE0B6B /* Resources */,
			);
			buildRules = (
			);
			dependencies = (
			);
			name = juke;
			productName = juke;
			productReference = 52E7BE5A2177F54E00AE0B6B /* juke.app */;
			productType = "com.apple.product-type.application";
		};
/* End PBXNativeTarget section */

/* Begin PBXProject section */
		52E7BE522177F54E00AE0B6B /* Project object */ = {
			isa = PBXProject;
			attributes = {
				LastSwiftUpdateCheck = 1000;
				LastUpgradeCheck = 1000;
				ORGANIZATIONNAME = "Kevin Sasaki";
				TargetAttributes = {
					52E7BE592177F54E00AE0B6B = {
						CreatedOnToolsVersion = 10.0;
					};
				};
			};
			buildConfigurationList = 52E7BE552177F54E00AE0B6B /* Build configuration list for PBXProject "juke" */;
			compatibilityVersion = "Xcode 9.3";
			developmentRegion = en;
			hasScannedForEncodings = 0;
			knownRegions = (
				en,
				Base,
			);
			mainGroup = 52E7BE512177F54E00AE0B6B;
			productRefGroup = 52E7BE5B2177F54E00AE0B6B /* Products */;
			projectDirPath = "";
			projectRoot = "";
			targets = (
				52E7BE592177F54E00AE0B6B /* juke */,
			);
		};
/* End PBXProject section */

/* Begin PBXResourcesBuildPhase section */
		52E7BE582177F54E00AE0B6B /* Resources */ = {
			isa = PBXResourcesBuildPhase;
			buildActionMask = 2147483647;
			files = (
				52E7BE682177F54F00AE0B6B /* LaunchScreen.storyboard in Resources */,
				52E7BE652177F54F00AE0B6B /* Assets.xcassets in Resources */,
				52E7BE632177F54E00AE0B6B /* Main.storyboard in Resources */,
			);
			runOnlyForDeploymentPostprocessing = 0;
		};
/* End PBXResourcesBuildPhase section */

/* Begin PBXSourcesBuildPhase section */
		52E7BE562177F54E00AE0B6B /* Sources */ = {
			isa = PBXSourcesBuildPhase;
			buildActionMask = 2147483647;
			files = (
				52E7BE602177F54E00AE0B6B /* ViewController.swift in Sources */,
				9C80D61B21953CF400760D42 /* SongInfoViewController.swift in Sources */,
				9C80D61921953CAF00760D42 /* QueueTableViewController.swift in Sources */,
				9C80D61D21953D7100760D42 /* AddSongViewController.swift in Sources */,
				52E7BE5E2177F54E00AE0B6B /* AppDelegate.swift in Sources */,
				9C80D61F21953E3800760D42 /* CurrentSongViewController.swift in Sources */,
			);
			runOnlyForDeploymentPostprocessing = 0;
		};
/* End PBXSourcesBuildPhase section */

/* Begin PBXVariantGroup section */
		52E7BE612177F54E00AE0B6B /* Main.storyboard */ = {
			isa = PBXVariantGroup;
			children = (
				52E7BE622177F54E00AE0B6B /* Base */,
			);
			name = Main.storyboard;
			sourceTree = "<group>";
		};
		52E7BE662177F54F00AE0B6B /* LaunchScreen.storyboard */ = {
			isa = PBXVariantGroup;
			children = (
				52E7BE672177F54F00AE0B6B /* Base */,
			);
			name = LaunchScreen.storyboard;
			sourceTree = "<group>";
		};
/* End PBXVariantGroup section */

/* Begin XCBuildConfiguration section */
		52E7BE6A2177F54F00AE0B6B /* Debug */ = {
			isa = XCBuildConfiguration;
			buildSettings = {
				ALWAYS_SEARCH_USER_PATHS = NO;
				CLANG_ANALYZER_NONNULL = YES;
				CLANG_ANALYZER_NUMBER_OBJECT_CONVERSION = YES_AGGRESSIVE;
				CLANG_CXX_LANGUAGE_STANDARD = "gnu++14";
				CLANG_CXX_LIBRARY = "libc++";
				CLANG_ENABLE_MODULES = YES;
				CLANG_ENABLE_OBJC_ARC = YES;
				CLANG_ENABLE_OBJC_WEAK = YES;
				CLANG_WARN_BLOCK_CAPTURE_AUTORELEASING = YES;
				CLANG_WARN_BOOL_CONVERSION = YES;
				CLANG_WARN_COMMA = YES;
				CLANG_WARN_CONSTANT_CONVERSION = YES;
				CLANG_WARN_DEPRECATED_OBJC_IMPLEMENTATIONS = YES;
				CLANG_WARN_DIRECT_OBJC_ISA_USAGE = YES_ERROR;
				CLANG_WARN_DOCUMENTATION_COMMENTS = YES;
				CLANG_WARN_EMPTY_BODY = YES;
				CLANG_WARN_ENUM_CONVERSION = YES;
				CLANG_WARN_INFINITE_RECURSION = YES;
				CLANG_WARN_INT_CONVERSION = YES;
				CLANG_WARN_NON_LITERAL_NULL_CONVERSION = YES;
				CLANG_WARN_OBJC_IMPLICIT_RETAIN_SELF = YES;
				CLANG_WARN_OBJC_LITERAL_CONVERSION = YES;
				CLANG_WARN_OBJC_ROOT_CLASS = YES_ERROR;
				CLANG_WARN_RANGE_LOOP_ANALYSIS = YES;
				CLANG_WARN_STRICT_PROTOTYPES = YES;
				CLANG_WARN_SUSPICIOUS_MOVE = YES;
				CLANG_WARN_UNGUARDED_AVAILABILITY = YES_AGGRESSIVE;
				CLANG_WARN_UNREACHABLE_CODE = YES;
				CLANG_WARN__DUPLICATE_METHOD_MATCH = YES;
				CODE_SIGN_IDENTITY = "iPhone Developer";
				COPY_PHASE_STRIP = NO;
				DEBUG_INFORMATION_FORMAT = dwarf;
				ENABLE_STRICT_OBJC_MSGSEND = YES;
				ENABLE_TESTABILITY = YES;
				GCC_C_LANGUAGE_STANDARD = gnu11;
				GCC_DYNAMIC_NO_PIC = NO;
				GCC_NO_COMMON_BLOCKS = YES;
				GCC_OPTIMIZATION_LEVEL = 0;
				GCC_PREPROCESSOR_DEFINITIONS = (
					"DEBUG=1",
					"$(inherited)",
				);
				GCC_WARN_64_TO_32_BIT_CONVERSION = YES;
				GCC_WARN_ABOUT_RETURN_TYPE = YES_ERROR;
				GCC_WARN_UNDECLARED_SELECTOR = YES;
				GCC_WARN_UNINITIALIZED_AUTOS = YES_AGGRESSIVE;
				GCC_WARN_UNUSED_FUNCTION = YES;
				GCC_WARN_UNUSED_VARIABLE = YES;
				IPHONEOS_DEPLOYMENT_TARGET = 12.0;
				MTL_ENABLE_DEBUG_INFO = INCLUDE_SOURCE;
				MTL_FAST_MATH = YES;
				ONLY_ACTIVE_ARCH = YES;
				SDKROOT = iphoneos;
				SWIFT_ACTIVE_COMPILATION_CONDITIONS = DEBUG;
				SWIFT_OPTIMIZATION_LEVEL = "-Onone";
			};
			name = Debug;
		};
		52E7BE6B2177F54F00AE0B6B /* Release */ = {
			isa = XCBuildConfiguration;
			buildSettings = {
				ALWAYS_SEARCH_USER_PATHS = NO;
				CLANG_ANALYZER_NONNULL = YES;
				CLANG_ANALYZER_NUMBER_OBJECT_CONVERSION = YES_AGGRESSIVE;
				CLANG_CXX_LANGUAGE_STANDARD = "gnu++14";
				CLANG_CXX_LIBRARY = "libc++";
				CLANG_ENABLE_MODULES = YES;
				CLANG_ENABLE_OBJC_ARC = YES;
				CLANG_ENABLE_OBJC_WEAK = YES;
				CLANG_WARN_BLOCK_CAPTURE_AUTORELEASING = YES;
				CLANG_WARN_BOOL_CONVERSION = YES;
				CLANG_WARN_COMMA = YES;
				CLANG_WARN_CONSTANT_CONVERSION = YES;
				CLANG_WARN_DEPRECATED_OBJC_IMPLEMENTATIONS = YES;
				CLANG_WARN_DIRECT_OBJC_ISA_USAGE = YES_ERROR;
				CLANG_WARN_DOCUMENTATION_COMMENTS = YES;
				CLANG_WARN_EMPTY_BODY = YES;
				CLANG_WARN_ENUM_CONVERSION = YES;
				CLANG_WARN_INFINITE_RECURSION = YES;
				CLANG_WARN_INT_CONVERSION = YES;
				CLANG_WARN_NON_LITERAL_NULL_CONVERSION = YES;
				CLANG_WARN_OBJC_IMPLICIT_RETAIN_SELF = YES;
				CLANG_WARN_OBJC_LITERAL_CONVERSION = YES;
				CLANG_WARN_OBJC_ROOT_CLASS = YES_ERROR;
				CLANG_WARN_RANGE_LOOP_ANALYSIS = YES;
				CLANG_WARN_STRICT_PROTOTYPES = YES;
				CLANG_WARN_SUSPICIOUS_MOVE = YES;
				CLANG_WARN_UNGUARDED_AVAILABILITY = YES_AGGRESSIVE;
				CLANG_WARN_UNREACHABLE_CODE = YES;
				CLANG_WARN__DUPLICATE_METHOD_MATCH = YES;
				CODE_SIGN_IDENTITY = "iPhone Developer";
				COPY_PHASE_STRIP = NO;
				DEBUG_INFORMATION_FORMAT = "dwarf-with-dsym";
				ENABLE_NS_ASSERTIONS = NO;
				ENABLE_STRICT_OBJC_MSGSEND = YES;
				GCC_C_LANGUAGE_STANDARD = gnu11;
				GCC_NO_COMMON_BLOCKS = YES;
				GCC_WARN_64_TO_32_BIT_CONVERSION = YES;
				GCC_WARN_ABOUT_RETURN_TYPE = YES_ERROR;
				GCC_WARN_UNDECLARED_SELECTOR = YES;
				GCC_WARN_UNINITIALIZED_AUTOS = YES_AGGRESSIVE;
				GCC_WARN_UNUSED_FUNCTION = YES;
				GCC_WARN_UNUSED_VARIABLE = YES;
				IPHONEOS_DEPLOYMENT_TARGET = 12.0;
				MTL_ENABLE_DEBUG_INFO = NO;
				MTL_FAST_MATH = YES;
				SDKROOT = iphoneos;
				SWIFT_COMPILATION_MODE = wholemodule;
				SWIFT_OPTIMIZATION_LEVEL = "-O";
				VALIDATE_PRODUCT = YES;
			};
			name = Release;
		};
		52E7BE6D2177F54F00AE0B6B /* Debug */ = {
			isa = XCBuildConfiguration;
			buildSettings = {
				ASSETCATALOG_COMPILER_APPICON_NAME = AppIcon;
				CODE_SIGN_STYLE = Automatic;
				DEVELOPMENT_TEAM = 929RKPQD3U;
				FRAMEWORK_SEARCH_PATHS = (
					"$(inherited)",
					"$(PROJECT_DIR)",
				);
				INFOPLIST_FILE = juke/Info.plist;
				LD_RUNPATH_SEARCH_PATHS = (
					"$(inherited)",
					"@executable_path/Frameworks",
				);
				OTHER_LDFLAGS = (
					"$(OTHER_LDFLAGS)",
					"-ObjC",
				);
				PRODUCT_BUNDLE_IDENTIFIER = com.KevinSasaki.juke;
				PRODUCT_NAME = "$(TARGET_NAME)";
				SWIFT_VERSION = 4.2;
				TARGETED_DEVICE_FAMILY = "1,2";
			};
			name = Debug;
		};
		52E7BE6E2177F54F00AE0B6B /* Release */ = {
			isa = XCBuildConfiguration;
			buildSettings = {
				ASSETCATALOG_COMPILER_APPICON_NAME = AppIcon;
				CODE_SIGN_STYLE = Automatic;
				DEVELOPMENT_TEAM = 929RKPQD3U;
				FRAMEWORK_SEARCH_PATHS = (
					"$(inherited)",
					"$(PROJECT_DIR)",
				);
				INFOPLIST_FILE = juke/Info.plist;
				LD_RUNPATH_SEARCH_PATHS = (
					"$(inherited)",
					"@executable_path/Frameworks",
				);
				OTHER_LDFLAGS = (
					"$(OTHER_LDFLAGS)",
					"-ObjC",
				);
				PRODUCT_BUNDLE_IDENTIFIER = com.KevinSasaki.juke;
				PRODUCT_NAME = "$(TARGET_NAME)";
				SWIFT_VERSION = 4.2;
				TARGETED_DEVICE_FAMILY = "1,2";
			};
			name = Release;
		};
/* End XCBuildConfiguration section */

/* Begin XCConfigurationList section */
		52E7BE552177F54E00AE0B6B /* Build configuration list for PBXProject "juke" */ = {
			isa = XCConfigurationList;
			buildConfigurations = (
				52E7BE6A2177F54F00AE0B6B /* Debug */,
				52E7BE6B2177F54F00AE0B6B /* Release */,
			);
			defaultConfigurationIsVisible = 0;
			defaultConfigurationName = Release;
		};
		52E7BE6C2177F54F00AE0B6B /* Build configuration list for PBXNativeTarget "juke" */ = {
			isa = XCConfigurationList;
			buildConfigurations = (
				52E7BE6D2177F54F00AE0B6B /* Debug */,
				52E7BE6E2177F54F00AE0B6B /* Release */,
			);
			defaultConfigurationIsVisible = 0;
			defaultConfigurationName = Release;
		};
/* End XCConfigurationList section */
	};
	rootObject = 52E7BE522177F54E00AE0B6B /* Project object */;
}
