// !$*UTF8*$!
{
	archiveVersion = 1;
	classes = {
	};
	objectVersion = 50;
	objects = {

/* Begin PBXBuildFile section */
		B63200222194386E003E4206 /* Authenticate.swift in Sources */ = {isa = PBXBuildFile; fileRef = B63200212194386E003E4206 /* Authenticate.swift */; };
		B6348713218AEDCB00D48EFA /* model.swift in Sources */ = {isa = PBXBuildFile; fileRef = B6348712218AEDCB00D48EFA /* model.swift */; };
		B6DF3DE2218790E70027D4A1 /* AppDelegate.swift in Sources */ = {isa = PBXBuildFile; fileRef = B6DF3DE1218790E70027D4A1 /* AppDelegate.swift */; };
		B6DF3DE4218790E70027D4A1 /* ViewController.swift in Sources */ = {isa = PBXBuildFile; fileRef = B6DF3DE3218790E70027D4A1 /* ViewController.swift */; };
		B6DF3DE7218790E80027D4A1 /* Main.storyboard in Resources */ = {isa = PBXBuildFile; fileRef = B6DF3DE5218790E70027D4A1 /* Main.storyboard */; };
		B6DF3DE9218790EA0027D4A1 /* Assets.xcassets in Resources */ = {isa = PBXBuildFile; fileRef = B6DF3DE8218790EA0027D4A1 /* Assets.xcassets */; };
		B6DF3DEC218790EA0027D4A1 /* LaunchScreen.storyboard in Resources */ = {isa = PBXBuildFile; fileRef = B6DF3DEA218790EA0027D4A1 /* LaunchScreen.storyboard */; };
		B6DF3DF4218792370027D4A1 /* GoogleService-Info.plist in Resources */ = {isa = PBXBuildFile; fileRef = B6DF3DF3218792370027D4A1 /* GoogleService-Info.plist */; };
		C3BFE621B297EA86F474A649 /* Pods_fbdeneme.framework in Frameworks */ = {isa = PBXBuildFile; fileRef = D16FDBFFF847FE24D5D39073 /* Pods_fbdeneme.framework */; };
/* End PBXBuildFile section */

/* Begin PBXFileReference section */
		08259BF1C585D29437BCAE3C /* Pods-fbdeneme.release.xcconfig */ = {isa = PBXFileReference; includeInIndex = 1; lastKnownFileType = text.xcconfig; name = "Pods-fbdeneme.release.xcconfig"; path = "Pods/Target Support Files/Pods-fbdeneme/Pods-fbdeneme.release.xcconfig"; sourceTree = "<group>"; };
		A1B2C663614B6CAFFDC3D047 /* Pods-fbdeneme.debug.xcconfig */ = {isa = PBXFileReference; includeInIndex = 1; lastKnownFileType = text.xcconfig; name = "Pods-fbdeneme.debug.xcconfig"; path = "Pods/Target Support Files/Pods-fbdeneme/Pods-fbdeneme.debug.xcconfig"; sourceTree = "<group>"; };
		B63200212194386E003E4206 /* Authenticate.swift */ = {isa = PBXFileReference; lastKnownFileType = sourcecode.swift; path = Authenticate.swift; sourceTree = "<group>"; };
		B6348712218AEDCB00D48EFA /* model.swift */ = {isa = PBXFileReference; lastKnownFileType = sourcecode.swift; path = model.swift; sourceTree = "<group>"; xcLanguageSpecificationIdentifier = xcode.lang.swift; };
		B6DF3DDE218790E70027D4A1 /* fbdeneme.app */ = {isa = PBXFileReference; explicitFileType = wrapper.application; includeInIndex = 0; path = fbdeneme.app; sourceTree = BUILT_PRODUCTS_DIR; };
		B6DF3DE1218790E70027D4A1 /* AppDelegate.swift */ = {isa = PBXFileReference; lastKnownFileType = sourcecode.swift; path = AppDelegate.swift; sourceTree = "<group>"; };
		B6DF3DE3218790E70027D4A1 /* ViewController.swift */ = {isa = PBXFileReference; lastKnownFileType = sourcecode.swift; path = ViewController.swift; sourceTree = "<group>"; };
		B6DF3DE6218790E70027D4A1 /* Base */ = {isa = PBXFileReference; lastKnownFileType = file.storyboard; name = Base; path = Base.lproj/Main.storyboard; sourceTree = "<group>"; };
		B6DF3DE8218790EA0027D4A1 /* Assets.xcassets */ = {isa = PBXFileReference; lastKnownFileType = folder.assetcatalog; path = Assets.xcassets; sourceTree = "<group>"; };
		B6DF3DEB218790EA0027D4A1 /* Base */ = {isa = PBXFileReference; lastKnownFileType = file.storyboard; name = Base; path = Base.lproj/LaunchScreen.storyboard; sourceTree = "<group>"; };
		B6DF3DED218790EA0027D4A1 /* Info.plist */ = {isa = PBXFileReference; lastKnownFileType = text.plist.xml; path = Info.plist; sourceTree = "<group>"; };
		B6DF3DF3218792370027D4A1 /* GoogleService-Info.plist */ = {isa = PBXFileReference; fileEncoding = 4; lastKnownFileType = text.plist.xml; path = "GoogleService-Info.plist"; sourceTree = "<group>"; };
		D16FDBFFF847FE24D5D39073 /* Pods_fbdeneme.framework */ = {isa = PBXFileReference; explicitFileType = wrapper.framework; includeInIndex = 0; path = Pods_fbdeneme.framework; sourceTree = BUILT_PRODUCTS_DIR; };
/* End PBXFileReference section */

/* Begin PBXFrameworksBuildPhase section */
		B6DF3DDB218790E70027D4A1 /* Frameworks */ = {
			isa = PBXFrameworksBuildPhase;
			buildActionMask = 2147483647;
			files = (
				C3BFE621B297EA86F474A649 /* Pods_fbdeneme.framework in Frameworks */,
			);
			runOnlyForDeploymentPostprocessing = 0;
		};
/* End PBXFrameworksBuildPhase section */

/* Begin PBXGroup section */
		65D77A6F79A7D5C0D5268C83 /* Frameworks */ = {
			isa = PBXGroup;
			children = (
				D16FDBFFF847FE24D5D39073 /* Pods_fbdeneme.framework */,
			);
			name = Frameworks;
			sourceTree = "<group>";
		};
		7A85013B6D396A26C919FDBC /* Pods */ = {
			isa = PBXGroup;
			children = (
				A1B2C663614B6CAFFDC3D047 /* Pods-fbdeneme.debug.xcconfig */,
				08259BF1C585D29437BCAE3C /* Pods-fbdeneme.release.xcconfig */,
			);
			name = Pods;
			sourceTree = "<group>";
		};
		B6DF3DD5218790E70027D4A1 = {
			isa = PBXGroup;
			children = (
				B6DF3DE0218790E70027D4A1 /* fbdeneme */,
				B6DF3DDF218790E70027D4A1 /* Products */,
				7A85013B6D396A26C919FDBC /* Pods */,
				65D77A6F79A7D5C0D5268C83 /* Frameworks */,
			);
			sourceTree = "<group>";
		};
		B6DF3DDF218790E70027D4A1 /* Products */ = {
			isa = PBXGroup;
			children = (
				B6DF3DDE218790E70027D4A1 /* fbdeneme.app */,
			);
			name = Products;
			sourceTree = "<group>";
		};
		B6DF3DE0218790E70027D4A1 /* fbdeneme */ = {
			isa = PBXGroup;
			children = (
				B6DF3DE1218790E70027D4A1 /* AppDelegate.swift */,
				B6DF3DE3218790E70027D4A1 /* ViewController.swift */,
				B6DF3DE5218790E70027D4A1 /* Main.storyboard */,
				B6DF3DE8218790EA0027D4A1 /* Assets.xcassets */,
				B6DF3DEA218790EA0027D4A1 /* LaunchScreen.storyboard */,
				B6348712218AEDCB00D48EFA /* model.swift */,
				B6DF3DED218790EA0027D4A1 /* Info.plist */,
				B6DF3DF3218792370027D4A1 /* GoogleService-Info.plist */,
				B63200212194386E003E4206 /* Authenticate.swift */,
			);
			path = fbdeneme;
			sourceTree = "<group>";
		};
/* End PBXGroup section */

/* Begin PBXNativeTarget section */
		B6DF3DDD218790E70027D4A1 /* fbdeneme */ = {
			isa = PBXNativeTarget;
			buildConfigurationList = B6DF3DF0218790EA0027D4A1 /* Build configuration list for PBXNativeTarget "fbdeneme" */;
			buildPhases = (
				CF30EDC902589E8CBBD79DBB /* [CP] Check Pods Manifest.lock */,
				B6DF3DDA218790E70027D4A1 /* Sources */,
				B6DF3DDB218790E70027D4A1 /* Frameworks */,
				B6DF3DDC218790E70027D4A1 /* Resources */,
				B5D8A7B8FFC9511A2B8C9966 /* [CP] Embed Pods Frameworks */,
			);
			buildRules = (
			);
			dependencies = (
			);
			name = fbdeneme;
			productName = fbdeneme;
			productReference = B6DF3DDE218790E70027D4A1 /* fbdeneme.app */;
			productType = "com.apple.product-type.application";
		};
/* End PBXNativeTarget section */

/* Begin PBXProject section */
		B6DF3DD6218790E70027D4A1 /* Project object */ = {
			isa = PBXProject;
			attributes = {
				LastSwiftUpdateCheck = 1000;
				LastUpgradeCheck = 1000;
				ORGANIZATIONNAME = "Hakan Alpan";
				TargetAttributes = {
					B6DF3DDD218790E70027D4A1 = {
						CreatedOnToolsVersion = 10.0;
					};
				};
			};
			buildConfigurationList = B6DF3DD9218790E70027D4A1 /* Build configuration list for PBXProject "fbdeneme" */;
			compatibilityVersion = "Xcode 9.3";
			developmentRegion = en;
			hasScannedForEncodings = 0;
			knownRegions = (
				en,
				Base,
			);
			mainGroup = B6DF3DD5218790E70027D4A1;
			productRefGroup = B6DF3DDF218790E70027D4A1 /* Products */;
			projectDirPath = "";
			projectRoot = "";
			targets = (
				B6DF3DDD218790E70027D4A1 /* fbdeneme */,
			);
		};
/* End PBXProject section */

/* Begin PBXResourcesBuildPhase section */
		B6DF3DDC218790E70027D4A1 /* Resources */ = {
			isa = PBXResourcesBuildPhase;
			buildActionMask = 2147483647;
			files = (
				B6DF3DEC218790EA0027D4A1 /* LaunchScreen.storyboard in Resources */,
				B6DF3DF4218792370027D4A1 /* GoogleService-Info.plist in Resources */,
				B6DF3DE9218790EA0027D4A1 /* Assets.xcassets in Resources */,
				B6DF3DE7218790E80027D4A1 /* Main.storyboard in Resources */,
			);
			runOnlyForDeploymentPostprocessing = 0;
		};
/* End PBXResourcesBuildPhase section */

/* Begin PBXShellScriptBuildPhase section */
		B5D8A7B8FFC9511A2B8C9966 /* [CP] Embed Pods Frameworks */ = {
			isa = PBXShellScriptBuildPhase;
			buildActionMask = 2147483647;
			files = (
			);
			inputFileListPaths = (
			);
			inputPaths = (
				"${SRCROOT}/Pods/Target Support Files/Pods-fbdeneme/Pods-fbdeneme-frameworks.sh",
				"${BUILT_PRODUCTS_DIR}/GTMSessionFetcher/GTMSessionFetcher.framework",
				"${BUILT_PRODUCTS_DIR}/GoogleUtilities/GoogleUtilities.framework",
				"${BUILT_PRODUCTS_DIR}/leveldb-library/leveldb.framework",
				"${BUILT_PRODUCTS_DIR}/nanopb/nanopb.framework",
			);
			name = "[CP] Embed Pods Frameworks";
			outputFileListPaths = (
			);
			outputPaths = (
				"${TARGET_BUILD_DIR}/${FRAMEWORKS_FOLDER_PATH}/GTMSessionFetcher.framework",
				"${TARGET_BUILD_DIR}/${FRAMEWORKS_FOLDER_PATH}/GoogleUtilities.framework",
				"${TARGET_BUILD_DIR}/${FRAMEWORKS_FOLDER_PATH}/leveldb.framework",
				"${TARGET_BUILD_DIR}/${FRAMEWORKS_FOLDER_PATH}/nanopb.framework",
			);
			runOnlyForDeploymentPostprocessing = 0;
			shellPath = /bin/sh;
			shellScript = "\"${SRCROOT}/Pods/Target Support Files/Pods-fbdeneme/Pods-fbdeneme-frameworks.sh\"\n";
			showEnvVarsInLog = 0;
		};
		CF30EDC902589E8CBBD79DBB /* [CP] Check Pods Manifest.lock */ = {
			isa = PBXShellScriptBuildPhase;
			buildActionMask = 2147483647;
			files = (
			);
			inputFileListPaths = (
			);
			inputPaths = (
				"${PODS_PODFILE_DIR_PATH}/Podfile.lock",
				"${PODS_ROOT}/Manifest.lock",
			);
			name = "[CP] Check Pods Manifest.lock";
			outputFileListPaths = (
			);
			outputPaths = (
				"$(DERIVED_FILE_DIR)/Pods-fbdeneme-checkManifestLockResult.txt",
			);
			runOnlyForDeploymentPostprocessing = 0;
			shellPath = /bin/sh;
			shellScript = "diff \"${PODS_PODFILE_DIR_PATH}/Podfile.lock\" \"${PODS_ROOT}/Manifest.lock\" > /dev/null\nif [ $? != 0 ] ; then\n    # print error to STDERR\n    echo \"error: The sandbox is not in sync with the Podfile.lock. Run 'pod install' or update your CocoaPods installation.\" >&2\n    exit 1\nfi\n# This output is used by Xcode 'outputs' to avoid re-running this script phase.\necho \"SUCCESS\" > \"${SCRIPT_OUTPUT_FILE_0}\"\n";
			showEnvVarsInLog = 0;
		};
/* End PBXShellScriptBuildPhase section */

/* Begin PBXSourcesBuildPhase section */
		B6DF3DDA218790E70027D4A1 /* Sources */ = {
			isa = PBXSourcesBuildPhase;
			buildActionMask = 2147483647;
			files = (
				B63200222194386E003E4206 /* Authenticate.swift in Sources */,
				B6DF3DE4218790E70027D4A1 /* ViewController.swift in Sources */,
				B6348713218AEDCB00D48EFA /* model.swift in Sources */,
				B6DF3DE2218790E70027D4A1 /* AppDelegate.swift in Sources */,
			);
			runOnlyForDeploymentPostprocessing = 0;
		};
/* End PBXSourcesBuildPhase section */

/* Begin PBXVariantGroup section */
		B6DF3DE5218790E70027D4A1 /* Main.storyboard */ = {
			isa = PBXVariantGroup;
			children = (
				B6DF3DE6218790E70027D4A1 /* Base */,
			);
			name = Main.storyboard;
			sourceTree = "<group>";
		};
		B6DF3DEA218790EA0027D4A1 /* LaunchScreen.storyboard */ = {
			isa = PBXVariantGroup;
			children = (
				B6DF3DEB218790EA0027D4A1 /* Base */,
			);
			name = LaunchScreen.storyboard;
			sourceTree = "<group>";
		};
/* End PBXVariantGroup section */

/* Begin XCBuildConfiguration section */
		B6DF3DEE218790EA0027D4A1 /* Debug */ = {
			isa = XCBuildConfiguration;
			buildSettings = {
				ALWAYS_SEARCH_USER_PATHS = NO;
				CLANG_ANALYZER_NONNULL = YES;
				CLANG_ANALYZER_NUMBER_OBJECT_CONVERSION = YES_AGGRESSIVE;
				CLANG_CXX_LANGUAGE_STANDARD = "gnu++14";
				CLANG_CXX_LIBRARY = "libc++";
				CLANG_ENABLE_MODULES = YES;
				CLANG_ENABLE_OBJC_ARC = YES;
				CLANG_ENABLE_OBJC_WEAK = YES;
				CLANG_WARN_BLOCK_CAPTURE_AUTORELEASING = YES;
				CLANG_WARN_BOOL_CONVERSION = YES;
				CLANG_WARN_COMMA = YES;
				CLANG_WARN_CONSTANT_CONVERSION = YES;
				CLANG_WARN_DEPRECATED_OBJC_IMPLEMENTATIONS = YES;
				CLANG_WARN_DIRECT_OBJC_ISA_USAGE = YES_ERROR;
				CLANG_WARN_DOCUMENTATION_COMMENTS = YES;
				CLANG_WARN_EMPTY_BODY = YES;
				CLANG_WARN_ENUM_CONVERSION = YES;
				CLANG_WARN_INFINITE_RECURSION = YES;
				CLANG_WARN_INT_CONVERSION = YES;
				CLANG_WARN_NON_LITERAL_NULL_CONVERSION = YES;
				CLANG_WARN_OBJC_IMPLICIT_RETAIN_SELF = YES;
				CLANG_WARN_OBJC_LITERAL_CONVERSION = YES;
				CLANG_WARN_OBJC_ROOT_CLASS = YES_ERROR;
				CLANG_WARN_RANGE_LOOP_ANALYSIS = YES;
				CLANG_WARN_STRICT_PROTOTYPES = YES;
				CLANG_WARN_SUSPICIOUS_MOVE = YES;
				CLANG_WARN_UNGUARDED_AVAILABILITY = YES_AGGRESSIVE;
				CLANG_WARN_UNREACHABLE_CODE = YES;
				CLANG_WARN__DUPLICATE_METHOD_MATCH = YES;
				CODE_SIGN_IDENTITY = "iPhone Developer";
				COPY_PHASE_STRIP = NO;
				DEBUG_INFORMATION_FORMAT = dwarf;
				ENABLE_STRICT_OBJC_MSGSEND = YES;
				ENABLE_TESTABILITY = YES;
				GCC_C_LANGUAGE_STANDARD = gnu11;
				GCC_DYNAMIC_NO_PIC = NO;
				GCC_NO_COMMON_BLOCKS = YES;
				GCC_OPTIMIZATION_LEVEL = 0;
				GCC_PREPROCESSOR_DEFINITIONS = (
					"DEBUG=1",
					"$(inherited)",
				);
				GCC_WARN_64_TO_32_BIT_CONVERSION = YES;
				GCC_WARN_ABOUT_RETURN_TYPE = YES_ERROR;
				GCC_WARN_UNDECLARED_SELECTOR = YES;
				GCC_WARN_UNINITIALIZED_AUTOS = YES_AGGRESSIVE;
				GCC_WARN_UNUSED_FUNCTION = YES;
				GCC_WARN_UNUSED_VARIABLE = YES;
				IPHONEOS_DEPLOYMENT_TARGET = 12.0;
				MTL_ENABLE_DEBUG_INFO = INCLUDE_SOURCE;
				MTL_FAST_MATH = YES;
				ONLY_ACTIVE_ARCH = YES;
				SDKROOT = iphoneos;
				SWIFT_ACTIVE_COMPILATION_CONDITIONS = DEBUG;
				SWIFT_OPTIMIZATION_LEVEL = "-Onone";
			};
			name = Debug;
		};
		B6DF3DEF218790EA0027D4A1 /* Release */ = {
			isa = XCBuildConfiguration;
			buildSettings = {
				ALWAYS_SEARCH_USER_PATHS = NO;
				CLANG_ANALYZER_NONNULL = YES;
				CLANG_ANALYZER_NUMBER_OBJECT_CONVERSION = YES_AGGRESSIVE;
				CLANG_CXX_LANGUAGE_STANDARD = "gnu++14";
				CLANG_CXX_LIBRARY = "libc++";
				CLANG_ENABLE_MODULES = YES;
				CLANG_ENABLE_OBJC_ARC = YES;
				CLANG_ENABLE_OBJC_WEAK = YES;
				CLANG_WARN_BLOCK_CAPTURE_AUTORELEASING = YES;
				CLANG_WARN_BOOL_CONVERSION = YES;
				CLANG_WARN_COMMA = YES;
				CLANG_WARN_CONSTANT_CONVERSION = YES;
				CLANG_WARN_DEPRECATED_OBJC_IMPLEMENTATIONS = YES;
				CLANG_WARN_DIRECT_OBJC_ISA_USAGE = YES_ERROR;
				CLANG_WARN_DOCUMENTATION_COMMENTS = YES;
				CLANG_WARN_EMPTY_BODY = YES;
				CLANG_WARN_ENUM_CONVERSION = YES;
				CLANG_WARN_INFINITE_RECURSION = YES;
				CLANG_WARN_INT_CONVERSION = YES;
				CLANG_WARN_NON_LITERAL_NULL_CONVERSION = YES;
				CLANG_WARN_OBJC_IMPLICIT_RETAIN_SELF = YES;
				CLANG_WARN_OBJC_LITERAL_CONVERSION = YES;
				CLANG_WARN_OBJC_ROOT_CLASS = YES_ERROR;
				CLANG_WARN_RANGE_LOOP_ANALYSIS = YES;
				CLANG_WARN_STRICT_PROTOTYPES = YES;
				CLANG_WARN_SUSPICIOUS_MOVE = YES;
				CLANG_WARN_UNGUARDED_AVAILABILITY = YES_AGGRESSIVE;
				CLANG_WARN_UNREACHABLE_CODE = YES;
				CLANG_WARN__DUPLICATE_METHOD_MATCH = YES;
				CODE_SIGN_IDENTITY = "iPhone Developer";
				COPY_PHASE_STRIP = NO;
				DEBUG_INFORMATION_FORMAT = "dwarf-with-dsym";
				ENABLE_NS_ASSERTIONS = NO;
				ENABLE_STRICT_OBJC_MSGSEND = YES;
				GCC_C_LANGUAGE_STANDARD = gnu11;
				GCC_NO_COMMON_BLOCKS = YES;
				GCC_WARN_64_TO_32_BIT_CONVERSION = YES;
				GCC_WARN_ABOUT_RETURN_TYPE = YES_ERROR;
				GCC_WARN_UNDECLARED_SELECTOR = YES;
				GCC_WARN_UNINITIALIZED_AUTOS = YES_AGGRESSIVE;
				GCC_WARN_UNUSED_FUNCTION = YES;
				GCC_WARN_UNUSED_VARIABLE = YES;
				IPHONEOS_DEPLOYMENT_TARGET = 12.0;
				MTL_ENABLE_DEBUG_INFO = NO;
				MTL_FAST_MATH = YES;
				SDKROOT = iphoneos;
				SWIFT_COMPILATION_MODE = wholemodule;
				SWIFT_OPTIMIZATION_LEVEL = "-O";
				VALIDATE_PRODUCT = YES;
			};
			name = Release;
		};
		B6DF3DF1218790EA0027D4A1 /* Debug */ = {
			isa = XCBuildConfiguration;
			baseConfigurationReference = A1B2C663614B6CAFFDC3D047 /* Pods-fbdeneme.debug.xcconfig */;
			buildSettings = {
				ASSETCATALOG_COMPILER_APPICON_NAME = AppIcon;
				CODE_SIGN_STYLE = Automatic;
				DEVELOPMENT_TEAM = V2ZPYW9K2Z;
				INFOPLIST_FILE = fbdeneme/Info.plist;
				LD_RUNPATH_SEARCH_PATHS = (
					"$(inherited)",
					"@executable_path/Frameworks",
				);
				PRODUCT_BUNDLE_IDENTIFIER = com.alpan.abc.fbdeneme;
				PRODUCT_NAME = "$(TARGET_NAME)";
				SWIFT_VERSION = 4.2;
				TARGETED_DEVICE_FAMILY = "1,2";
			};
			name = Debug;
		};
		B6DF3DF2218790EA0027D4A1 /* Release */ = {
			isa = XCBuildConfiguration;
			baseConfigurationReference = 08259BF1C585D29437BCAE3C /* Pods-fbdeneme.release.xcconfig */;
			buildSettings = {
				ASSETCATALOG_COMPILER_APPICON_NAME = AppIcon;
				CODE_SIGN_STYLE = Automatic;
				DEVELOPMENT_TEAM = V2ZPYW9K2Z;
				INFOPLIST_FILE = fbdeneme/Info.plist;
				LD_RUNPATH_SEARCH_PATHS = (
					"$(inherited)",
					"@executable_path/Frameworks",
				);
				PRODUCT_BUNDLE_IDENTIFIER = com.alpan.abc.fbdeneme;
				PRODUCT_NAME = "$(TARGET_NAME)";
				SWIFT_VERSION = 4.2;
				TARGETED_DEVICE_FAMILY = "1,2";
			};
			name = Release;
		};
/* End XCBuildConfiguration section */

/* Begin XCConfigurationList section */
		B6DF3DD9218790E70027D4A1 /* Build configuration list for PBXProject "fbdeneme" */ = {
			isa = XCConfigurationList;
			buildConfigurations = (
				B6DF3DEE218790EA0027D4A1 /* Debug */,
				B6DF3DEF218790EA0027D4A1 /* Release */,
			);
			defaultConfigurationIsVisible = 0;
			defaultConfigurationName = Release;
		};
		B6DF3DF0218790EA0027D4A1 /* Build configuration list for PBXNativeTarget "fbdeneme" */ = {
			isa = XCConfigurationList;
			buildConfigurations = (
				B6DF3DF1218790EA0027D4A1 /* Debug */,
				B6DF3DF2218790EA0027D4A1 /* Release */,
			);
			defaultConfigurationIsVisible = 0;
			defaultConfigurationName = Release;
		};
/* End XCConfigurationList section */
	};
	rootObject = B6DF3DD6218790E70027D4A1 /* Project object */;
}
